{
  "originHash" : "3f7bf2c8410bf6bcbaebdc731891f9958f2644bd69972676e241abd3860df96d",
  "pins" : [
    {
      "identity" : "sentry-cocoa",
      "kind" : "remoteSourceControl",
      "location" : "https://github.com/getsentry/sentry-cocoa.git",
      "state" : {
        "revision" : "00a2fec32ea665b81e406419e078bb713238e23f",
        "version" : "9.19.0"
      }
    }
  ],
  "version" : 3
}
