{
  "originHash" : "da8806233e49d7ed5da6933994c0ded74537224607031af91a14f3922de21bc7",
  "pins" : [
    {
      "identity" : "sentry-cocoa",
      "kind" : "remoteSourceControl",
      "location" : "https://github.com/getsentry/sentry-cocoa.git",
      "state" : {
        "revision" : "00a2fec32ea665b81e406419e078bb713238e23f",
        "version" : "9.19.0"
      }
    }
  ],
  "version" : 3
}
